schema: '2.0'
stages:
  data_ingestion:
    cmd: python src/data_ingestion.py
    deps:
    - path: src/data_ingestion.py
      hash: md5
      md5: 9786f6f795f72147bc76ebb6ba93e377
      size: 3145
    params:
      params.yaml:
        data_ingestion.test_size: 0.22
    outs:
    - path: data/raw
      hash: md5
      md5: 7c385a2942d963ed61e92913ad182d53.dir
      size: 484846
      nfiles: 2
  data_preprocessing:
    cmd: python src/data_preprocessing.py
    deps:
    - path: data/raw
      hash: md5
      md5: 7c385a2942d963ed61e92913ad182d53.dir
      size: 484846
      nfiles: 2
    - path: src/data_preprocessing.py
      hash: md5
      md5: 0a1b40578b28b539a450954280a30c83
      size: 3044
    outs:
    - path: data/interim
      hash: md5
      md5: cf5d7f7cf97a33ce5ff2dfc490627185.dir
      size: 290261
      nfiles: 2
  feature_engineering:
    cmd: python src/feature_engineering.py
    deps:
    - path: data/interim
      hash: md5
      md5: cf5d7f7cf97a33ce5ff2dfc490627185.dir
      size: 290261
      nfiles: 2
    - path: src/feature_engineering.py
      hash: md5
      md5: 9ccb4d4a79020d38340fcb724f2cba18
      size: 3306
    params:
      params.yaml:
        feature_engineering.max_features: 40
    outs:
    - path: data/processed
      hash: md5
      md5: fa5fe593660694db259b8079b7e72e4d.dir
      size: 952106
      nfiles: 2
  model_building:
    cmd: python src/model_training.py
    deps:
    - path: data/processed
      hash: md5
      md5: fa5fe593660694db259b8079b7e72e4d.dir
      size: 952106
      nfiles: 2
    - path: src/model_training.py
      hash: md5
      md5: 0b1d32783941d02a900a33adb4c3c1d4
      size: 3180
    params:
      params.yaml:
        model_training.n_estimators: 20
        model_training.random_state: 2
    outs:
    - path: models/rf_model.pkl
      hash: md5
      md5: b17b483d184c7d35dde726edb83960b2
      size: 679373
  model_evaluation:
    cmd: python src/model_evaluation.py
    deps:
    - path: models/rf_model.pkl
      hash: md5
      md5: b17b483d184c7d35dde726edb83960b2
      size: 679373
    - path: src/model_evaluation.py
      hash: md5
      md5: c7b7d9f83271efe2a58bc2284c39ef05
      size: 3522
    outs:
    - path: reports/metrics.json
      hash: md5
      md5: 73e84339a133454eee760abb964169d4
      size: 149
