schema: '2.0'
stages:
  data_ingestion:
    cmd: python src/data_ingestion.py
    deps:
    - path: src/data_ingestion.py
      hash: md5
      md5: 9786f6f795f72147bc76ebb6ba93e377
      size: 3145
    params:
      params.yaml:
        data_ingestion.test_size: 0.2
    outs:
    - path: data/raw
      hash: md5
      md5: 74f8bbf19a9f0946f021b8e70c541f61.dir
      size: 484846
      nfiles: 2
  data_preprocessing:
    cmd: python src/data_preprocessing.py
    deps:
    - path: data/raw
      hash: md5
      md5: 74f8bbf19a9f0946f021b8e70c541f61.dir
      size: 484846
      nfiles: 2
    - path: src/data_preprocessing.py
      hash: md5
      md5: 0a1b40578b28b539a450954280a30c83
      size: 3044
    outs:
    - path: data/interim
      hash: md5
      md5: 5275a26510ef4b3687c2b2614c07be5e.dir
      size: 290085
      nfiles: 2
  feature_engineering:
    cmd: python src/feature_engineering.py
    deps:
    - path: data/interim
      hash: md5
      md5: 5275a26510ef4b3687c2b2614c07be5e.dir
      size: 290085
      nfiles: 2
    - path: src/feature_engineering.py
      hash: md5
      md5: 9ccb4d4a79020d38340fcb724f2cba18
      size: 3306
    params:
      params.yaml:
        feature_engineering.max_features: 35
    outs:
    - path: data/processed
      hash: md5
      md5: 528e1fd997efddfa91cdf295852b51ab.dir
      size: 835508
      nfiles: 2
  model_building:
    cmd: python src/model_training.py
    deps:
    - path: data/processed
      hash: md5
      md5: 528e1fd997efddfa91cdf295852b51ab.dir
      size: 835508
      nfiles: 2
    - path: src/model_training.py
      hash: md5
      md5: 0b1d32783941d02a900a33adb4c3c1d4
      size: 3180
    params:
      params.yaml:
        model_training.n_estimators: 22
        model_training.random_state: 2
    outs:
    - path: models/rf_model.pkl
      hash: md5
      md5: c4901753d6fd92537be5e68d17835220
      size: 732956
  model_evaluation:
    cmd: python src/model_evaluation.py
    deps:
    - path: models/rf_model.pkl
      hash: md5
      md5: c4901753d6fd92537be5e68d17835220
      size: 732956
    - path: src/model_evaluation.py
      hash: md5
      md5: c6119ad0656ae052594c41fc82a94df1
      size: 4195
    outs:
    - path: reports/metrics.json
      hash: md5
      md5: 8e6154bb0e5474265da077fbf6abe465
      size: 149
